
Microsoft Visual Studio Solution File, Format Version 12.00
# Visual Studio Version 17
VisualStudioVersion = 17.7.34031.279
MinimumVisualStudioVersion = 10.0.40219.1
Project("{FAE04EC0-301F-11D3-BF4B-00C04F79EFBC}") = "IMDBOpgave", "IMDBOpgave\IMDBOpgave.csproj", "{3915FEBE-45B2-487C-8FFB-BE5274D73074}"
EndProject
Global
	GlobalSection(SolutionConfigurationPlatforms) = preSolution
		Debug|Any CPU = Debug|Any CPU
		Release|Any CPU = Release|Any CPU
	EndGlobalSection
	GlobalSection(ProjectConfigurationPlatforms) = postSolution
		{3915FEBE-45B2-487C-8FFB-BE5274D73074}.Debug|Any CPU.ActiveCfg = Debug|Any CPU
		{3915FEBE-45B2-487C-8FFB-BE5274D73074}.Debug|Any CPU.Build.0 = Debug|Any CPU
		{3915FEBE-45B2-487C-8FFB-BE5274D73074}.Release|Any CPU.ActiveCfg = Release|Any CPU
		{3915FEBE-45B2-487C-8FFB-BE5274D73074}.Release|Any CPU.Build.0 = Release|Any CPU
	EndGlobalSection
	GlobalSection(SolutionProperties) = preSolution
		HideSolutionNode = FALSE
	EndGlobalSection
	GlobalSection(ExtensibilityGlobals) = postSolution
		SolutionGuid = {199BA7C5-0B3C-4415-B615-DBE1621FD9A4}
	EndGlobalSection
EndGlobal
